// !$*UTF8*$!
{
	archiveVersion = 1;
	classes = {
	};
	objectVersion = 50;
	objects = {

/* Begin PBXBuildFile section */
		4BCA98712171E9E80048826A /* AssetsPicker.framework in Frameworks */ = {isa = PBXBuildFile; fileRef = 4BCA98672171E9E80048826A /* AssetsPicker.framework */; };
		4BCA98762171E9E80048826A /* AssetsPickerTests.swift in Sources */ = {isa = PBXBuildFile; fileRef = 4BCA98752171E9E80048826A /* AssetsPickerTests.swift */; };
		4BCA98782171E9E80048826A /* AssetsPicker.h in Headers */ = {isa = PBXBuildFile; fileRef = 4BCA986A2171E9E80048826A /* AssetsPicker.h */; settings = {ATTRIBUTES = (Public, ); }; };
		4BCA98882171EA3D0048826A /* AppDelegate.swift in Sources */ = {isa = PBXBuildFile; fileRef = 4BCA98872171EA3D0048826A /* AppDelegate.swift */; };
		4BCA988A2171EA3D0048826A /* DefaultDemoViewController.swift in Sources */ = {isa = PBXBuildFile; fileRef = 4BCA98892171EA3D0048826A /* DefaultDemoViewController.swift */; };
		4BCA988D2171EA3D0048826A /* Main.storyboard in Resources */ = {isa = PBXBuildFile; fileRef = 4BCA988B2171EA3D0048826A /* Main.storyboard */; };
		4BCA988F2171EA400048826A /* Assets.xcassets in Resources */ = {isa = PBXBuildFile; fileRef = 4BCA988E2171EA400048826A /* Assets.xcassets */; };
		4BCA98922171EA400048826A /* LaunchScreen.storyboard in Resources */ = {isa = PBXBuildFile; fileRef = 4BCA98902171EA400048826A /* LaunchScreen.storyboard */; };
		4BCA989A2171EBFA0048826A /* AssetsPicker.swift in Sources */ = {isa = PBXBuildFile; fileRef = 4BCA98992171EBFA0048826A /* AssetsPicker.swift */; };
		4BCA989D2171ED560048826A /* Photos.framework in Frameworks */ = {isa = PBXBuildFile; fileRef = 4BCA989C2171ED560048826A /* Photos.framework */; };
		4BCA989E2171ED5E0048826A /* AssetsPicker.framework in Frameworks */ = {isa = PBXBuildFile; fileRef = 4BCA98672171E9E80048826A /* AssetsPicker.framework */; };
		4BCA989F2171ED5E0048826A /* AssetsPicker.framework in Embed Frameworks */ = {isa = PBXBuildFile; fileRef = 4BCA98672171E9E80048826A /* AssetsPicker.framework */; settings = {ATTRIBUTES = (CodeSignOnCopy, RemoveHeadersOnCopy, ); }; };
		5A52127C2181B23A00DA0259 /* SelectionContainer.swift in Sources */ = {isa = PBXBuildFile; fileRef = 5A5212782181B23A00DA0259 /* SelectionContainer.swift */; };
		5A5212852181B2A400DA0259 /* AssetPickerConfiguration.swift in Sources */ = {isa = PBXBuildFile; fileRef = 5A5212842181B2A400DA0259 /* AssetPickerConfiguration.swift */; };
		5A5212872181B2C900DA0259 /* AssetPickerViewController.swift in Sources */ = {isa = PBXBuildFile; fileRef = 5A5212862181B2C900DA0259 /* AssetPickerViewController.swift */; };
		5A5212892181B2EB00DA0259 /* SelectAssetCollectionContainerViewController.swift in Sources */ = {isa = PBXBuildFile; fileRef = 5A5212882181B2EB00DA0259 /* SelectAssetCollectionContainerViewController.swift */; };
		5A52128E2181B33E00DA0259 /* AssetsCollectionViewController.swift in Sources */ = {isa = PBXBuildFile; fileRef = 5A52128D2181B33E00DA0259 /* AssetsCollectionViewController.swift */; };
		5A5212922181B34900DA0259 /* AssetCollectionCellViewModel.swift in Sources */ = {isa = PBXBuildFile; fileRef = 5A5212912181B34900DA0259 /* AssetCollectionCellViewModel.swift */; };
		5A5212942181B36800DA0259 /* AssetDetailViewController.swift in Sources */ = {isa = PBXBuildFile; fileRef = 5A5212932181B36800DA0259 /* AssetDetailViewController.swift */; };
		5A5212972181B37B00DA0259 /* AssetCollectionCell.swift in Sources */ = {isa = PBXBuildFile; fileRef = 5A5212962181B37B00DA0259 /* AssetCollectionCell.swift */; };
		5A5212992181B38A00DA0259 /* AssetDetailCell.swift in Sources */ = {isa = PBXBuildFile; fileRef = 5A5212982181B38A00DA0259 /* AssetDetailCell.swift */; };
		5A52129B2181B39300DA0259 /* AssetDetailCellViewModel.swift in Sources */ = {isa = PBXBuildFile; fileRef = 5A52129A2181B39300DA0259 /* AssetDetailCellViewModel.swift */; };
		5A5212A02186DE9100DA0259 /* ViewSizeCalculator.swift in Sources */ = {isa = PBXBuildFile; fileRef = 5A52129F2186DE9100DA0259 /* ViewSizeCalculator.swift */; };
		5A5212A22186FFF200DA0259 /* AssetDetailHeaderContainerView.swift in Sources */ = {isa = PBXBuildFile; fileRef = 5A5212A12186FFF200DA0259 /* AssetDetailHeaderContainerView.swift */; };
		5A5212A4218820A200DA0259 /* AssetPickerCellRegistrator.swift in Sources */ = {isa = PBXBuildFile; fileRef = 5A5212A3218820A200DA0259 /* AssetPickerCellRegistrator.swift */; };
		5A700D782192E8C000DF8880 /* Demo3ViewController.swift in Sources */ = {isa = PBXBuildFile; fileRef = 5A700D762192E89700DF8880 /* Demo3ViewController.swift */; };
		5A700D792192E8C500DF8880 /* Demo3AssetCollectionNib.swift in Sources */ = {isa = PBXBuildFile; fileRef = 5A700D742192E61E00DF8880 /* Demo3AssetCollectionNib.swift */; };
		5A700D7A2192E8CB00DF8880 /* Demo3AssetCollectionNib.xib in Resources */ = {isa = PBXBuildFile; fileRef = 5A700D722192E59900DF8880 /* Demo3AssetCollectionNib.xib */; };
		5A700D812192EC7F00DF8880 /* Demo3AssetNib.swift in Sources */ = {isa = PBXBuildFile; fileRef = 5A700D7D2192EB8700DF8880 /* Demo3AssetNib.swift */; };
		5A700D822192EC8400DF8880 /* Demo3AssetNib.xib in Resources */ = {isa = PBXBuildFile; fileRef = 5A700D7F2192EB9600DF8880 /* Demo3AssetNib.xib */; };
		5A700D852192EF1D00DF8880 /* Demo4ViewController.swift in Sources */ = {isa = PBXBuildFile; fileRef = 5A700D842192EF1D00DF8880 /* Demo4ViewController.swift */; };
		5AC4ADFA218AEF5C001ED22E /* CustomCellDemoViewController.swift in Sources */ = {isa = PBXBuildFile; fileRef = 5AC4ADF8218AEF4E001ED22E /* CustomCellDemoViewController.swift */; };
		5AC4ADFB218AEF62001ED22E /* Demo2AssetCell.swift in Sources */ = {isa = PBXBuildFile; fileRef = 5A5212A521882AAF00DA0259 /* Demo2AssetCell.swift */; };
		5AC4ADFC218AEF6A001ED22E /* Demo2AssetCollectionCell.swift in Sources */ = {isa = PBXBuildFile; fileRef = 5AC4ADF421894A87001ED22E /* Demo2AssetCollectionCell.swift */; };
		5AC4AE06218C5C18001ED22E /* AssetsCollectionViewModel.swift in Sources */ = {isa = PBXBuildFile; fileRef = 5AC4AE05218C5C18001ED22E /* AssetsCollectionViewModel.swift */; };
		FC1A639322EE952000E1C38D /* Demo5MultipleAssetSelection.swift in Sources */ = {isa = PBXBuildFile; fileRef = FC1A639122EE94EE00E1C38D /* Demo5MultipleAssetSelection.swift */; };
		FC5DAE7023A75DB100DD51E6 /* NotificationCenter+assetPicker.swift in Sources */ = {isa = PBXBuildFile; fileRef = FC5DAE6F23A75DB100DD51E6 /* NotificationCenter+assetPicker.swift */; };
		FC934BFB23AA2D70002839A8 /* AssetFuture.swift in Sources */ = {isa = PBXBuildFile; fileRef = FCF71B1E239E258600E6D75C /* AssetFuture.swift */; };
		FCA6D3D023827D490060AD6C /* NSLock+exec.swift in Sources */ = {isa = PBXBuildFile; fileRef = FCA6D3CF23827D490060AD6C /* NSLock+exec.swift */; };
		FCA6D4402383CBE00060AD6C /* AssetDetailViewModel.swift in Sources */ = {isa = PBXBuildFile; fileRef = FCA6D43F2383CBE00060AD6C /* AssetDetailViewModel.swift */; };
/* End PBXBuildFile section */

/* Begin PBXContainerItemProxy section */
		4BCA98722171E9E80048826A /* PBXContainerItemProxy */ = {
			isa = PBXContainerItemProxy;
			containerPortal = 4BCA985E2171E9E80048826A /* Project object */;
			proxyType = 1;
			remoteGlobalIDString = 4BCA98662171E9E80048826A;
			remoteInfo = AssetsPicker;
		};
		4BCA98A02171ED5E0048826A /* PBXContainerItemProxy */ = {
			isa = PBXContainerItemProxy;
			containerPortal = 4BCA985E2171E9E80048826A /* Project object */;
			proxyType = 1;
			remoteGlobalIDString = 4BCA98662171E9E80048826A;
			remoteInfo = AssetsPicker;
		};
/* End PBXContainerItemProxy section */

/* Begin PBXCopyFilesBuildPhase section */
		4BCA98A22171ED5E0048826A /* Embed Frameworks */ = {
			isa = PBXCopyFilesBuildPhase;
			buildActionMask = 2147483647;
			dstPath = "";
			dstSubfolderSpec = 10;
			files = (
				4BCA989F2171ED5E0048826A /* AssetsPicker.framework in Embed Frameworks */,
			);
			name = "Embed Frameworks";
			runOnlyForDeploymentPostprocessing = 0;
		};
/* End PBXCopyFilesBuildPhase section */

/* Begin PBXFileReference section */
		4BCA98672171E9E80048826A /* AssetsPicker.framework */ = {isa = PBXFileReference; explicitFileType = wrapper.framework; includeInIndex = 0; path = AssetsPicker.framework; sourceTree = BUILT_PRODUCTS_DIR; };
		4BCA986A2171E9E80048826A /* AssetsPicker.h */ = {isa = PBXFileReference; lastKnownFileType = sourcecode.c.h; path = AssetsPicker.h; sourceTree = "<group>"; };
		4BCA986B2171E9E80048826A /* Info.plist */ = {isa = PBXFileReference; lastKnownFileType = text.plist.xml; path = Info.plist; sourceTree = "<group>"; };
		4BCA98702171E9E80048826A /* AssetsPickerTests.xctest */ = {isa = PBXFileReference; explicitFileType = wrapper.cfbundle; includeInIndex = 0; path = AssetsPickerTests.xctest; sourceTree = BUILT_PRODUCTS_DIR; };
		4BCA98752171E9E80048826A /* AssetsPickerTests.swift */ = {isa = PBXFileReference; lastKnownFileType = sourcecode.swift; path = AssetsPickerTests.swift; sourceTree = "<group>"; };
		4BCA98772171E9E80048826A /* Info.plist */ = {isa = PBXFileReference; lastKnownFileType = text.plist.xml; path = Info.plist; sourceTree = "<group>"; };
		4BCA98852171EA3D0048826A /* Demo.app */ = {isa = PBXFileReference; explicitFileType = wrapper.application; includeInIndex = 0; path = Demo.app; sourceTree = BUILT_PRODUCTS_DIR; };
		4BCA98872171EA3D0048826A /* AppDelegate.swift */ = {isa = PBXFileReference; lastKnownFileType = sourcecode.swift; path = AppDelegate.swift; sourceTree = "<group>"; };
		4BCA98892171EA3D0048826A /* DefaultDemoViewController.swift */ = {isa = PBXFileReference; lastKnownFileType = sourcecode.swift; path = DefaultDemoViewController.swift; sourceTree = "<group>"; };
		4BCA988C2171EA3D0048826A /* Base */ = {isa = PBXFileReference; lastKnownFileType = file.storyboard; name = Base; path = Base.lproj/Main.storyboard; sourceTree = "<group>"; };
		4BCA988E2171EA400048826A /* Assets.xcassets */ = {isa = PBXFileReference; lastKnownFileType = folder.assetcatalog; path = Assets.xcassets; sourceTree = "<group>"; };
		4BCA98912171EA400048826A /* Base */ = {isa = PBXFileReference; lastKnownFileType = file.storyboard; name = Base; path = Base.lproj/LaunchScreen.storyboard; sourceTree = "<group>"; };
		4BCA98932171EA400048826A /* Info.plist */ = {isa = PBXFileReference; lastKnownFileType = text.plist.xml; path = Info.plist; sourceTree = "<group>"; };
		4BCA98992171EBFA0048826A /* AssetsPicker.swift */ = {isa = PBXFileReference; lastKnownFileType = sourcecode.swift; path = AssetsPicker.swift; sourceTree = "<group>"; };
		4BCA989C2171ED560048826A /* Photos.framework */ = {isa = PBXFileReference; lastKnownFileType = wrapper.framework; name = Photos.framework; path = System/Library/Frameworks/Photos.framework; sourceTree = SDKROOT; };
		5A5212782181B23A00DA0259 /* SelectionContainer.swift */ = {isa = PBXFileReference; fileEncoding = 4; lastKnownFileType = sourcecode.swift; path = SelectionContainer.swift; sourceTree = "<group>"; };
		5A5212842181B2A400DA0259 /* AssetPickerConfiguration.swift */ = {isa = PBXFileReference; fileEncoding = 4; lastKnownFileType = sourcecode.swift; path = AssetPickerConfiguration.swift; sourceTree = "<group>"; };
		5A5212862181B2C900DA0259 /* AssetPickerViewController.swift */ = {isa = PBXFileReference; fileEncoding = 4; lastKnownFileType = sourcecode.swift; path = AssetPickerViewController.swift; sourceTree = "<group>"; };
		5A5212882181B2EB00DA0259 /* SelectAssetCollectionContainerViewController.swift */ = {isa = PBXFileReference; fileEncoding = 4; lastKnownFileType = sourcecode.swift; path = SelectAssetCollectionContainerViewController.swift; sourceTree = "<group>"; };
		5A52128D2181B33E00DA0259 /* AssetsCollectionViewController.swift */ = {isa = PBXFileReference; fileEncoding = 4; lastKnownFileType = sourcecode.swift; path = AssetsCollectionViewController.swift; sourceTree = "<group>"; };
		5A5212912181B34900DA0259 /* AssetCollectionCellViewModel.swift */ = {isa = PBXFileReference; fileEncoding = 4; lastKnownFileType = sourcecode.swift; path = AssetCollectionCellViewModel.swift; sourceTree = "<group>"; };
		5A5212932181B36800DA0259 /* AssetDetailViewController.swift */ = {isa = PBXFileReference; fileEncoding = 4; lastKnownFileType = sourcecode.swift; path = AssetDetailViewController.swift; sourceTree = "<group>"; };
		5A5212962181B37B00DA0259 /* AssetCollectionCell.swift */ = {isa = PBXFileReference; fileEncoding = 4; lastKnownFileType = sourcecode.swift; path = AssetCollectionCell.swift; sourceTree = "<group>"; };
		5A5212982181B38A00DA0259 /* AssetDetailCell.swift */ = {isa = PBXFileReference; fileEncoding = 4; lastKnownFileType = sourcecode.swift; path = AssetDetailCell.swift; sourceTree = "<group>"; };
		5A52129A2181B39300DA0259 /* AssetDetailCellViewModel.swift */ = {isa = PBXFileReference; fileEncoding = 4; lastKnownFileType = sourcecode.swift; path = AssetDetailCellViewModel.swift; sourceTree = "<group>"; };
		5A52129F2186DE9100DA0259 /* ViewSizeCalculator.swift */ = {isa = PBXFileReference; fileEncoding = 4; lastKnownFileType = sourcecode.swift; path = ViewSizeCalculator.swift; sourceTree = "<group>"; };
		5A5212A12186FFF200DA0259 /* AssetDetailHeaderContainerView.swift */ = {isa = PBXFileReference; lastKnownFileType = sourcecode.swift; path = AssetDetailHeaderContainerView.swift; sourceTree = "<group>"; };
		5A5212A3218820A200DA0259 /* AssetPickerCellRegistrator.swift */ = {isa = PBXFileReference; lastKnownFileType = sourcecode.swift; path = AssetPickerCellRegistrator.swift; sourceTree = "<group>"; };
		5A5212A521882AAF00DA0259 /* Demo2AssetCell.swift */ = {isa = PBXFileReference; lastKnownFileType = sourcecode.swift; path = Demo2AssetCell.swift; sourceTree = "<group>"; };
		5A700D722192E59900DF8880 /* Demo3AssetCollectionNib.xib */ = {isa = PBXFileReference; lastKnownFileType = file.xib; path = Demo3AssetCollectionNib.xib; sourceTree = "<group>"; };
		5A700D742192E61E00DF8880 /* Demo3AssetCollectionNib.swift */ = {isa = PBXFileReference; lastKnownFileType = sourcecode.swift; path = Demo3AssetCollectionNib.swift; sourceTree = "<group>"; };
		5A700D762192E89700DF8880 /* Demo3ViewController.swift */ = {isa = PBXFileReference; lastKnownFileType = sourcecode.swift; path = Demo3ViewController.swift; sourceTree = "<group>"; };
		5A700D7D2192EB8700DF8880 /* Demo3AssetNib.swift */ = {isa = PBXFileReference; lastKnownFileType = sourcecode.swift; path = Demo3AssetNib.swift; sourceTree = "<group>"; };
		5A700D7F2192EB9600DF8880 /* Demo3AssetNib.xib */ = {isa = PBXFileReference; lastKnownFileType = file.xib; path = Demo3AssetNib.xib; sourceTree = "<group>"; };
		5A700D842192EF1D00DF8880 /* Demo4ViewController.swift */ = {isa = PBXFileReference; lastKnownFileType = sourcecode.swift; path = Demo4ViewController.swift; sourceTree = "<group>"; };
		5AC4ADF421894A87001ED22E /* Demo2AssetCollectionCell.swift */ = {isa = PBXFileReference; lastKnownFileType = sourcecode.swift; path = Demo2AssetCollectionCell.swift; sourceTree = "<group>"; };
		5AC4ADF8218AEF4E001ED22E /* CustomCellDemoViewController.swift */ = {isa = PBXFileReference; lastKnownFileType = sourcecode.swift; path = CustomCellDemoViewController.swift; sourceTree = "<group>"; };
		5AC4AE05218C5C18001ED22E /* AssetsCollectionViewModel.swift */ = {isa = PBXFileReference; fileEncoding = 4; lastKnownFileType = sourcecode.swift; path = AssetsCollectionViewModel.swift; sourceTree = "<group>"; };
		FC1A639122EE94EE00E1C38D /* Demo5MultipleAssetSelection.swift */ = {isa = PBXFileReference; lastKnownFileType = sourcecode.swift; path = Demo5MultipleAssetSelection.swift; sourceTree = "<group>"; };
		FC5DAE6F23A75DB100DD51E6 /* NotificationCenter+assetPicker.swift */ = {isa = PBXFileReference; fileEncoding = 4; lastKnownFileType = sourcecode.swift; path = "NotificationCenter+assetPicker.swift"; sourceTree = "<group>"; };
		FCA6D3CF23827D490060AD6C /* NSLock+exec.swift */ = {isa = PBXFileReference; lastKnownFileType = sourcecode.swift; path = "NSLock+exec.swift"; sourceTree = "<group>"; };
		FCA6D43F2383CBE00060AD6C /* AssetDetailViewModel.swift */ = {isa = PBXFileReference; lastKnownFileType = sourcecode.swift; path = AssetDetailViewModel.swift; sourceTree = "<group>"; };
		FCF71B1E239E258600E6D75C /* AssetFuture.swift */ = {isa = PBXFileReference; lastKnownFileType = sourcecode.swift; path = AssetFuture.swift; sourceTree = "<group>"; };
/* End PBXFileReference section */

/* Begin PBXFrameworksBuildPhase section */
		4BCA98642171E9E80048826A /* Frameworks */ = {
			isa = PBXFrameworksBuildPhase;
			buildActionMask = 2147483647;
			files = (
				4BCA989D2171ED560048826A /* Photos.framework in Frameworks */,
			);
			runOnlyForDeploymentPostprocessing = 0;
		};
		4BCA986D2171E9E80048826A /* Frameworks */ = {
			isa = PBXFrameworksBuildPhase;
			buildActionMask = 2147483647;
			files = (
				4BCA98712171E9E80048826A /* AssetsPicker.framework in Frameworks */,
			);
			runOnlyForDeploymentPostprocessing = 0;
		};
		4BCA98822171EA3D0048826A /* Frameworks */ = {
			isa = PBXFrameworksBuildPhase;
			buildActionMask = 2147483647;
			files = (
				4BCA989E2171ED5E0048826A /* AssetsPicker.framework in Frameworks */,
			);
			runOnlyForDeploymentPostprocessing = 0;
		};
/* End PBXFrameworksBuildPhase section */

/* Begin PBXGroup section */
		4BCA985D2171E9E80048826A = {
			isa = PBXGroup;
			children = (
				4BCA98972171EA4C0048826A /* Sources */,
				4BCA98982171EA570048826A /* Tests */,
				4BCA98682171E9E80048826A /* Products */,
				4BCA989B2171ED560048826A /* Frameworks */,
			);
			indentWidth = 4;
			sourceTree = "<group>";
			tabWidth = 4;
		};
		4BCA98682171E9E80048826A /* Products */ = {
			isa = PBXGroup;
			children = (
				4BCA98672171E9E80048826A /* AssetsPicker.framework */,
				4BCA98702171E9E80048826A /* AssetsPickerTests.xctest */,
				4BCA98852171EA3D0048826A /* Demo.app */,
			);
			name = Products;
			sourceTree = "<group>";
		};
		4BCA98692171E9E80048826A /* AssetsPicker */ = {
			isa = PBXGroup;
			children = (
				4BCA98992171EBFA0048826A /* AssetsPicker.swift */,
				4BCA986A2171E9E80048826A /* AssetsPicker.h */,
				4BCA986B2171E9E80048826A /* Info.plist */,
				5A5212832181B2A400DA0259 /* Configuration */,
				5A5212952181B36F00DA0259 /* Views */,
				5A5212802181B26600DA0259 /* ViewControllers */,
				5A52128A2181B2F400DA0259 /* ViewModel */,
				5A52129E2186DE8000DA0259 /* Utils */,
				5A9B778C2255DA4C00BE3AAC /* Resources */,
			);
			path = AssetsPicker;
			sourceTree = "<group>";
		};
		4BCA98742171E9E80048826A /* AssetsPickerTests */ = {
			isa = PBXGroup;
			children = (
				4BCA98752171E9E80048826A /* AssetsPickerTests.swift */,
				4BCA98772171E9E80048826A /* Info.plist */,
			);
			path = AssetsPickerTests;
			sourceTree = "<group>";
		};
		4BCA98862171EA3D0048826A /* Demo */ = {
			isa = PBXGroup;
			children = (
				5A700D7B2192EA3900DF8880 /* Demo1Default */,
				5A700D7C2192EA3F00DF8880 /* Demo2CustomClass */,
				5A700D712192E40800DF8880 /* Demo3CustomNib */,
				5A700D832192EED500DF8880 /* Demo4CustomHeader */,
				FC1A639022EE94BC00E1C38D /* Demo5MultipleAssetSelection */,
				4BCA98872171EA3D0048826A /* AppDelegate.swift */,
				4BCA988B2171EA3D0048826A /* Main.storyboard */,
				4BCA988E2171EA400048826A /* Assets.xcassets */,
				4BCA98902171EA400048826A /* LaunchScreen.storyboard */,
				4BCA98932171EA400048826A /* Info.plist */,
			);
			path = Demo;
			sourceTree = "<group>";
		};
		4BCA98972171EA4C0048826A /* Sources */ = {
			isa = PBXGroup;
			children = (
				4BCA98692171E9E80048826A /* AssetsPicker */,
				4BCA98862171EA3D0048826A /* Demo */,
			);
			path = Sources;
			sourceTree = "<group>";
		};
		4BCA98982171EA570048826A /* Tests */ = {
			isa = PBXGroup;
			children = (
				4BCA98742171E9E80048826A /* AssetsPickerTests */,
			);
			path = Tests;
			sourceTree = "<group>";
		};
		4BCA989B2171ED560048826A /* Frameworks */ = {
			isa = PBXGroup;
			children = (
				4BCA989C2171ED560048826A /* Photos.framework */,
			);
			name = Frameworks;
			sourceTree = "<group>";
		};
		5A5212802181B26600DA0259 /* ViewControllers */ = {
			isa = PBXGroup;
			children = (
				5A5212862181B2C900DA0259 /* AssetPickerViewController.swift */,
				5A5212882181B2EB00DA0259 /* SelectAssetCollectionContainerViewController.swift */,
				5A52128D2181B33E00DA0259 /* AssetsCollectionViewController.swift */,
				5A5212932181B36800DA0259 /* AssetDetailViewController.swift */,
			);
			path = ViewControllers;
			sourceTree = "<group>";
		};
		5A5212832181B2A400DA0259 /* Configuration */ = {
			isa = PBXGroup;
			children = (
				5A5212842181B2A400DA0259 /* AssetPickerConfiguration.swift */,
			);
			path = Configuration;
			sourceTree = "<group>";
		};
		5A52128A2181B2F400DA0259 /* ViewModel */ = {
			isa = PBXGroup;
			children = (
				5A52129A2181B39300DA0259 /* AssetDetailCellViewModel.swift */,
				5A5212912181B34900DA0259 /* AssetCollectionCellViewModel.swift */,
				5AC4AE05218C5C18001ED22E /* AssetsCollectionViewModel.swift */,
				FCA6D43F2383CBE00060AD6C /* AssetDetailViewModel.swift */,
			);
			path = ViewModel;
			sourceTree = "<group>";
		};
		5A5212952181B36F00DA0259 /* Views */ = {
			isa = PBXGroup;
			children = (
				5A5212982181B38A00DA0259 /* AssetDetailCell.swift */,
				5A5212962181B37B00DA0259 /* AssetCollectionCell.swift */,
				5A5212A12186FFF200DA0259 /* AssetDetailHeaderContainerView.swift */,
			);
			path = Views;
			sourceTree = "<group>";
		};
		5A52129E2186DE8000DA0259 /* Utils */ = {
			isa = PBXGroup;
			children = (
				FC5DAE6F23A75DB100DD51E6 /* NotificationCenter+assetPicker.swift */,
				5A5212A3218820A200DA0259 /* AssetPickerCellRegistrator.swift */,
				FCF71B1E239E258600E6D75C /* AssetFuture.swift */,
				5A5212782181B23A00DA0259 /* SelectionContainer.swift */,
				5A52129F2186DE9100DA0259 /* ViewSizeCalculator.swift */,
				FCA6D3CF23827D490060AD6C /* NSLock+exec.swift */,
			);
			path = Utils;
			sourceTree = "<group>";
		};
		5A700D712192E40800DF8880 /* Demo3CustomNib */ = {
			isa = PBXGroup;
			children = (
				5A700D762192E89700DF8880 /* Demo3ViewController.swift */,
				5A700D722192E59900DF8880 /* Demo3AssetCollectionNib.xib */,
				5A700D7F2192EB9600DF8880 /* Demo3AssetNib.xib */,
				5A700D7D2192EB8700DF8880 /* Demo3AssetNib.swift */,
				5A700D742192E61E00DF8880 /* Demo3AssetCollectionNib.swift */,
			);
			path = Demo3CustomNib;
			sourceTree = "<group>";
		};
		5A700D7B2192EA3900DF8880 /* Demo1Default */ = {
			isa = PBXGroup;
			children = (
				4BCA98892171EA3D0048826A /* DefaultDemoViewController.swift */,
			);
			path = Demo1Default;
			sourceTree = "<group>";
		};
		5A700D7C2192EA3F00DF8880 /* Demo2CustomClass */ = {
			isa = PBXGroup;
			children = (
				5AC4ADF8218AEF4E001ED22E /* CustomCellDemoViewController.swift */,
				5A5212A521882AAF00DA0259 /* Demo2AssetCell.swift */,
				5AC4ADF421894A87001ED22E /* Demo2AssetCollectionCell.swift */,
			);
			path = Demo2CustomClass;
			sourceTree = "<group>";
		};
		5A700D832192EED500DF8880 /* Demo4CustomHeader */ = {
			isa = PBXGroup;
			children = (
				5A700D842192EF1D00DF8880 /* Demo4ViewController.swift */,
			);
			path = Demo4CustomHeader;
			sourceTree = "<group>";
		};
		5A9B778C2255DA4C00BE3AAC /* Resources */ = {
			isa = PBXGroup;
			children = (
			);
			path = Resources;
			sourceTree = "<group>";
		};
		FC1A639022EE94BC00E1C38D /* Demo5MultipleAssetSelection */ = {
			isa = PBXGroup;
			children = (
				FC1A639122EE94EE00E1C38D /* Demo5MultipleAssetSelection.swift */,
			);
			path = Demo5MultipleAssetSelection;
			sourceTree = "<group>";
		};
/* End PBXGroup section */

/* Begin PBXHeadersBuildPhase section */
		4BCA98622171E9E80048826A /* Headers */ = {
			isa = PBXHeadersBuildPhase;
			buildActionMask = 2147483647;
			files = (
				4BCA98782171E9E80048826A /* AssetsPicker.h in Headers */,
			);
			runOnlyForDeploymentPostprocessing = 0;
		};
/* End PBXHeadersBuildPhase section */

/* Begin PBXNativeTarget section */
		4BCA98662171E9E80048826A /* AssetsPicker */ = {
			isa = PBXNativeTarget;
			buildConfigurationList = 4BCA987B2171E9E80048826A /* Build configuration list for PBXNativeTarget "AssetsPicker" */;
			buildPhases = (
				4BCA98622171E9E80048826A /* Headers */,
				4BCA98632171E9E80048826A /* Sources */,
				4BCA98642171E9E80048826A /* Frameworks */,
				4BCA98652171E9E80048826A /* Resources */,
			);
			buildRules = (
			);
			dependencies = (
			);
			name = AssetsPicker;
			productName = AssetsPicker;
			productReference = 4BCA98672171E9E80048826A /* AssetsPicker.framework */;
			productType = "com.apple.product-type.framework";
		};
		4BCA986F2171E9E80048826A /* AssetsPickerTests */ = {
			isa = PBXNativeTarget;
			buildConfigurationList = 4BCA987E2171E9E80048826A /* Build configuration list for PBXNativeTarget "AssetsPickerTests" */;
			buildPhases = (
				4BCA986C2171E9E80048826A /* Sources */,
				4BCA986D2171E9E80048826A /* Frameworks */,
				4BCA986E2171E9E80048826A /* Resources */,
			);
			buildRules = (
			);
			dependencies = (
				4BCA98732171E9E80048826A /* PBXTargetDependency */,
			);
			name = AssetsPickerTests;
			productName = AssetsPickerTests;
			productReference = 4BCA98702171E9E80048826A /* AssetsPickerTests.xctest */;
			productType = "com.apple.product-type.bundle.unit-test";
		};
		4BCA98842171EA3D0048826A /* Demo */ = {
			isa = PBXNativeTarget;
			buildConfigurationList = 4BCA98942171EA400048826A /* Build configuration list for PBXNativeTarget "Demo" */;
			buildPhases = (
				4BCA98812171EA3D0048826A /* Sources */,
				4BCA98822171EA3D0048826A /* Frameworks */,
				4BCA98832171EA3D0048826A /* Resources */,
				4BCA98A22171ED5E0048826A /* Embed Frameworks */,
			);
			buildRules = (
			);
			dependencies = (
				4BCA98A12171ED5E0048826A /* PBXTargetDependency */,
			);
			name = Demo;
			productName = Demo;
			productReference = 4BCA98852171EA3D0048826A /* Demo.app */;
			productType = "com.apple.product-type.application";
		};
/* End PBXNativeTarget section */

/* Begin PBXProject section */
		4BCA985E2171E9E80048826A /* Project object */ = {
			isa = PBXProject;
			attributes = {
				LastSwiftUpdateCheck = 1000;
				LastUpgradeCheck = 1030;
				ORGANIZATIONNAME = eure;
				TargetAttributes = {
					4BCA98662171E9E80048826A = {
						CreatedOnToolsVersion = 10.0;
						LastSwiftMigration = 1000;
					};
					4BCA986F2171E9E80048826A = {
						CreatedOnToolsVersion = 10.0;
					};
					4BCA98842171EA3D0048826A = {
						CreatedOnToolsVersion = 10.0;
						LastSwiftMigration = 1030;
					};
				};
			};
			buildConfigurationList = 4BCA98612171E9E80048826A /* Build configuration list for PBXProject "AssetsPicker" */;
			compatibilityVersion = "Xcode 9.3";
			developmentRegion = en;
			hasScannedForEncodings = 0;
			knownRegions = (
				en,
				Base,
			);
			mainGroup = 4BCA985D2171E9E80048826A;
			productRefGroup = 4BCA98682171E9E80048826A /* Products */;
			projectDirPath = "";
			projectRoot = "";
			targets = (
				4BCA98662171E9E80048826A /* AssetsPicker */,
				4BCA986F2171E9E80048826A /* AssetsPickerTests */,
				4BCA98842171EA3D0048826A /* Demo */,
			);
		};
/* End PBXProject section */

/* Begin PBXResourcesBuildPhase section */
		4BCA98652171E9E80048826A /* Resources */ = {
			isa = PBXResourcesBuildPhase;
			buildActionMask = 2147483647;
			files = (
			);
			runOnlyForDeploymentPostprocessing = 0;
		};
		4BCA986E2171E9E80048826A /* Resources */ = {
			isa = PBXResourcesBuildPhase;
			buildActionMask = 2147483647;
			files = (
			);
			runOnlyForDeploymentPostprocessing = 0;
		};
		4BCA98832171EA3D0048826A /* Resources */ = {
			isa = PBXResourcesBuildPhase;
			buildActionMask = 2147483647;
			files = (
				4BCA98922171EA400048826A /* LaunchScreen.storyboard in Resources */,
				5A700D822192EC8400DF8880 /* Demo3AssetNib.xib in Resources */,
				5A700D7A2192E8CB00DF8880 /* Demo3AssetCollectionNib.xib in Resources */,
				4BCA988F2171EA400048826A /* Assets.xcassets in Resources */,
				4BCA988D2171EA3D0048826A /* Main.storyboard in Resources */,
			);
			runOnlyForDeploymentPostprocessing = 0;
		};
/* End PBXResourcesBuildPhase section */

/* Begin PBXSourcesBuildPhase section */
		4BCA98632171E9E80048826A /* Sources */ = {
			isa = PBXSourcesBuildPhase;
			buildActionMask = 2147483647;
			files = (
				5A5212852181B2A400DA0259 /* AssetPickerConfiguration.swift in Sources */,
				5A52127C2181B23A00DA0259 /* SelectionContainer.swift in Sources */,
				5A5212A02186DE9100DA0259 /* ViewSizeCalculator.swift in Sources */,
				FC5DAE7023A75DB100DD51E6 /* NotificationCenter+assetPicker.swift in Sources */,
				4BCA989A2171EBFA0048826A /* AssetsPicker.swift in Sources */,
				5A5212872181B2C900DA0259 /* AssetPickerViewController.swift in Sources */,
				5AC4AE06218C5C18001ED22E /* AssetsCollectionViewModel.swift in Sources */,
				5A5212942181B36800DA0259 /* AssetDetailViewController.swift in Sources */,
				5A5212892181B2EB00DA0259 /* SelectAssetCollectionContainerViewController.swift in Sources */,
				FC934BFB23AA2D70002839A8 /* AssetFuture.swift in Sources */,
				5A52128E2181B33E00DA0259 /* AssetsCollectionViewController.swift in Sources */,
				5A5212922181B34900DA0259 /* AssetCollectionCellViewModel.swift in Sources */,
				FCA6D4402383CBE00060AD6C /* AssetDetailViewModel.swift in Sources */,
				5A52129B2181B39300DA0259 /* AssetDetailCellViewModel.swift in Sources */,
				5A5212972181B37B00DA0259 /* AssetCollectionCell.swift in Sources */,
				5A5212A4218820A200DA0259 /* AssetPickerCellRegistrator.swift in Sources */,
				5A5212A22186FFF200DA0259 /* AssetDetailHeaderContainerView.swift in Sources */,
				FCA6D3D023827D490060AD6C /* NSLock+exec.swift in Sources */,
				5A5212992181B38A00DA0259 /* AssetDetailCell.swift in Sources */,
			);
			runOnlyForDeploymentPostprocessing = 0;
		};
		4BCA986C2171E9E80048826A /* Sources */ = {
			isa = PBXSourcesBuildPhase;
			buildActionMask = 2147483647;
			files = (
				4BCA98762171E9E80048826A /* AssetsPickerTests.swift in Sources */,
			);
			runOnlyForDeploymentPostprocessing = 0;
		};
		4BCA98812171EA3D0048826A /* Sources */ = {
			isa = PBXSourcesBuildPhase;
			buildActionMask = 2147483647;
			files = (
				5AC4ADFA218AEF5C001ED22E /* CustomCellDemoViewController.swift in Sources */,
				5A700D792192E8C500DF8880 /* Demo3AssetCollectionNib.swift in Sources */,
				5A700D782192E8C000DF8880 /* Demo3ViewController.swift in Sources */,
				4BCA988A2171EA3D0048826A /* DefaultDemoViewController.swift in Sources */,
				5AC4ADFC218AEF6A001ED22E /* Demo2AssetCollectionCell.swift in Sources */,
				4BCA98882171EA3D0048826A /* AppDelegate.swift in Sources */,
				5AC4ADFB218AEF62001ED22E /* Demo2AssetCell.swift in Sources */,
				5A700D812192EC7F00DF8880 /* Demo3AssetNib.swift in Sources */,
				FC1A639322EE952000E1C38D /* Demo5MultipleAssetSelection.swift in Sources */,
				5A700D852192EF1D00DF8880 /* Demo4ViewController.swift in Sources */,
			);
			runOnlyForDeploymentPostprocessing = 0;
		};
/* End PBXSourcesBuildPhase section */

/* Begin PBXTargetDependency section */
		4BCA98732171E9E80048826A /* PBXTargetDependency */ = {
			isa = PBXTargetDependency;
			target = 4BCA98662171E9E80048826A /* AssetsPicker */;
			targetProxy = 4BCA98722171E9E80048826A /* PBXContainerItemProxy */;
		};
		4BCA98A12171ED5E0048826A /* PBXTargetDependency */ = {
			isa = PBXTargetDependency;
			target = 4BCA98662171E9E80048826A /* AssetsPicker */;
			targetProxy = 4BCA98A02171ED5E0048826A /* PBXContainerItemProxy */;
		};
/* End PBXTargetDependency section */

/* Begin PBXVariantGroup section */
		4BCA988B2171EA3D0048826A /* Main.storyboard */ = {
			isa = PBXVariantGroup;
			children = (
				4BCA988C2171EA3D0048826A /* Base */,
			);
			name = Main.storyboard;
			sourceTree = "<group>";
		};
		4BCA98902171EA400048826A /* LaunchScreen.storyboard */ = {
			isa = PBXVariantGroup;
			children = (
				4BCA98912171EA400048826A /* Base */,
			);
			name = LaunchScreen.storyboard;
			sourceTree = "<group>";
		};
/* End PBXVariantGroup section */

/* Begin XCBuildConfiguration section */
		4BCA98792171E9E80048826A /* Debug */ = {
			isa = XCBuildConfiguration;
			buildSettings = {
				ALWAYS_SEARCH_USER_PATHS = NO;
				CLANG_ANALYZER_NONNULL = YES;
				CLANG_ANALYZER_NUMBER_OBJECT_CONVERSION = YES_AGGRESSIVE;
				CLANG_CXX_LANGUAGE_STANDARD = "gnu++14";
				CLANG_CXX_LIBRARY = "libc++";
				CLANG_ENABLE_MODULES = YES;
				CLANG_ENABLE_OBJC_ARC = YES;
				CLANG_ENABLE_OBJC_WEAK = YES;
				CLANG_WARN_BLOCK_CAPTURE_AUTORELEASING = YES;
				CLANG_WARN_BOOL_CONVERSION = YES;
				CLANG_WARN_COMMA = YES;
				CLANG_WARN_CONSTANT_CONVERSION = YES;
				CLANG_WARN_DEPRECATED_OBJC_IMPLEMENTATIONS = YES;
				CLANG_WARN_DIRECT_OBJC_ISA_USAGE = YES_ERROR;
				CLANG_WARN_DOCUMENTATION_COMMENTS = YES;
				CLANG_WARN_EMPTY_BODY = YES;
				CLANG_WARN_ENUM_CONVERSION = YES;
				CLANG_WARN_INFINITE_RECURSION = YES;
				CLANG_WARN_INT_CONVERSION = YES;
				CLANG_WARN_NON_LITERAL_NULL_CONVERSION = YES;
				CLANG_WARN_OBJC_IMPLICIT_RETAIN_SELF = YES;
				CLANG_WARN_OBJC_LITERAL_CONVERSION = YES;
				CLANG_WARN_OBJC_ROOT_CLASS = YES_ERROR;
				CLANG_WARN_RANGE_LOOP_ANALYSIS = YES;
				CLANG_WARN_STRICT_PROTOTYPES = YES;
				CLANG_WARN_SUSPICIOUS_MOVE = YES;
				CLANG_WARN_UNGUARDED_AVAILABILITY = YES_AGGRESSIVE;
				CLANG_WARN_UNREACHABLE_CODE = YES;
				CLANG_WARN__DUPLICATE_METHOD_MATCH = YES;
				CODE_SIGN_IDENTITY = "iPhone Developer";
				COPY_PHASE_STRIP = NO;
				CURRENT_PROJECT_VERSION = 1;
				DEBUG_INFORMATION_FORMAT = dwarf;
				ENABLE_STRICT_OBJC_MSGSEND = YES;
				ENABLE_TESTABILITY = YES;
				GCC_C_LANGUAGE_STANDARD = gnu11;
				GCC_DYNAMIC_NO_PIC = NO;
				GCC_NO_COMMON_BLOCKS = YES;
				GCC_OPTIMIZATION_LEVEL = 0;
				GCC_PREPROCESSOR_DEFINITIONS = (
					"DEBUG=1",
					"$(inherited)",
				);
				GCC_WARN_64_TO_32_BIT_CONVERSION = YES;
				GCC_WARN_ABOUT_RETURN_TYPE = YES_ERROR;
				GCC_WARN_UNDECLARED_SELECTOR = YES;
				GCC_WARN_UNINITIALIZED_AUTOS = YES_AGGRESSIVE;
				GCC_WARN_UNUSED_FUNCTION = YES;
				GCC_WARN_UNUSED_VARIABLE = YES;
				IPHONEOS_DEPLOYMENT_TARGET = 10.0;
				MTL_ENABLE_DEBUG_INFO = INCLUDE_SOURCE;
				MTL_FAST_MATH = YES;
				ONLY_ACTIVE_ARCH = YES;
				SDKROOT = iphoneos;
				SWIFT_ACTIVE_COMPILATION_CONDITIONS = DEBUG;
				SWIFT_OPTIMIZATION_LEVEL = "-Onone";
				VERSIONING_SYSTEM = "apple-generic";
				VERSION_INFO_PREFIX = "";
			};
			name = Debug;
		};
		4BCA987A2171E9E80048826A /* Release */ = {
			isa = XCBuildConfiguration;
			buildSettings = {
				ALWAYS_SEARCH_USER_PATHS = NO;
				CLANG_ANALYZER_NONNULL = YES;
				CLANG_ANALYZER_NUMBER_OBJECT_CONVERSION = YES_AGGRESSIVE;
				CLANG_CXX_LANGUAGE_STANDARD = "gnu++14";
				CLANG_CXX_LIBRARY = "libc++";
				CLANG_ENABLE_MODULES = YES;
				CLANG_ENABLE_OBJC_ARC = YES;
				CLANG_ENABLE_OBJC_WEAK = YES;
				CLANG_WARN_BLOCK_CAPTURE_AUTORELEASING = YES;
				CLANG_WARN_BOOL_CONVERSION = YES;
				CLANG_WARN_COMMA = YES;
				CLANG_WARN_CONSTANT_CONVERSION = YES;
				CLANG_WARN_DEPRECATED_OBJC_IMPLEMENTATIONS = YES;
				CLANG_WARN_DIRECT_OBJC_ISA_USAGE = YES_ERROR;
				CLANG_WARN_DOCUMENTATION_COMMENTS = YES;
				CLANG_WARN_EMPTY_BODY = YES;
				CLANG_WARN_ENUM_CONVERSION = YES;
				CLANG_WARN_INFINITE_RECURSION = YES;
				CLANG_WARN_INT_CONVERSION = YES;
				CLANG_WARN_NON_LITERAL_NULL_CONVERSION = YES;
				CLANG_WARN_OBJC_IMPLICIT_RETAIN_SELF = YES;
				CLANG_WARN_OBJC_LITERAL_CONVERSION = YES;
				CLANG_WARN_OBJC_ROOT_CLASS = YES_ERROR;
				CLANG_WARN_RANGE_LOOP_ANALYSIS = YES;
				CLANG_WARN_STRICT_PROTOTYPES = YES;
				CLANG_WARN_SUSPICIOUS_MOVE = YES;
				CLANG_WARN_UNGUARDED_AVAILABILITY = YES_AGGRESSIVE;
				CLANG_WARN_UNREACHABLE_CODE = YES;
				CLANG_WARN__DUPLICATE_METHOD_MATCH = YES;
				CODE_SIGN_IDENTITY = "iPhone Developer";
				COPY_PHASE_STRIP = NO;
				CURRENT_PROJECT_VERSION = 1;
				DEBUG_INFORMATION_FORMAT = "dwarf-with-dsym";
				ENABLE_NS_ASSERTIONS = NO;
				ENABLE_STRICT_OBJC_MSGSEND = YES;
				GCC_C_LANGUAGE_STANDARD = gnu11;
				GCC_NO_COMMON_BLOCKS = YES;
				GCC_WARN_64_TO_32_BIT_CONVERSION = YES;
				GCC_WARN_ABOUT_RETURN_TYPE = YES_ERROR;
				GCC_WARN_UNDECLARED_SELECTOR = YES;
				GCC_WARN_UNINITIALIZED_AUTOS = YES_AGGRESSIVE;
				GCC_WARN_UNUSED_FUNCTION = YES;
				GCC_WARN_UNUSED_VARIABLE = YES;
				IPHONEOS_DEPLOYMENT_TARGET = 10.0;
				MTL_ENABLE_DEBUG_INFO = NO;
				MTL_FAST_MATH = YES;
				SDKROOT = iphoneos;
				SWIFT_COMPILATION_MODE = wholemodule;
				SWIFT_OPTIMIZATION_LEVEL = "-O";
				VALIDATE_PRODUCT = YES;
				VERSIONING_SYSTEM = "apple-generic";
				VERSION_INFO_PREFIX = "";
			};
			name = Release;
		};
		4BCA987C2171E9E80048826A /* Debug */ = {
			isa = XCBuildConfiguration;
			buildSettings = {
				CLANG_ENABLE_MODULES = YES;
				CODE_SIGN_IDENTITY = "";
				CODE_SIGN_STYLE = Automatic;
				DEFINES_MODULE = YES;
				DEVELOPMENT_TEAM = XWC8HFRCNT;
				DYLIB_COMPATIBILITY_VERSION = 1;
				DYLIB_CURRENT_VERSION = 1;
				DYLIB_INSTALL_NAME_BASE = "@rpath";
				INFOPLIST_FILE = Sources/AssetsPicker/Info.plist;
				INSTALL_PATH = "$(LOCAL_LIBRARY_DIR)/Frameworks";
				LD_RUNPATH_SEARCH_PATHS = (
					"$(inherited)",
					"@executable_path/Frameworks",
					"@loader_path/Frameworks",
				);
				PRODUCT_BUNDLE_IDENTIFIER = jp.eure.AssetsPicker;
				PRODUCT_NAME = "$(TARGET_NAME:c99extidentifier)";
				PROVISIONING_PROFILE_SPECIFIER = "";
				SKIP_INSTALL = YES;
				SWIFT_OPTIMIZATION_LEVEL = "-Onone";
				SWIFT_VERSION = 5.0;
				TARGETED_DEVICE_FAMILY = "1,2";
			};
			name = Debug;
		};
		4BCA987D2171E9E80048826A /* Release */ = {
			isa = XCBuildConfiguration;
			buildSettings = {
				CLANG_ENABLE_MODULES = YES;
				CODE_SIGN_IDENTITY = "";
				CODE_SIGN_STYLE = Automatic;
				DEFINES_MODULE = YES;
				DEVELOPMENT_TEAM = XWC8HFRCNT;
				DYLIB_COMPATIBILITY_VERSION = 1;
				DYLIB_CURRENT_VERSION = 1;
				DYLIB_INSTALL_NAME_BASE = "@rpath";
				INFOPLIST_FILE = Sources/AssetsPicker/Info.plist;
				INSTALL_PATH = "$(LOCAL_LIBRARY_DIR)/Frameworks";
				LD_RUNPATH_SEARCH_PATHS = (
					"$(inherited)",
					"@executable_path/Frameworks",
					"@loader_path/Frameworks",
				);
				PRODUCT_BUNDLE_IDENTIFIER = jp.eure.AssetsPicker;
				PRODUCT_NAME = "$(TARGET_NAME:c99extidentifier)";
				PROVISIONING_PROFILE_SPECIFIER = "";
				SKIP_INSTALL = YES;
				SWIFT_VERSION = 5.0;
				TARGETED_DEVICE_FAMILY = "1,2";
			};
			name = Release;
		};
		4BCA987F2171E9E80048826A /* Debug */ = {
			isa = XCBuildConfiguration;
			buildSettings = {
				ALWAYS_EMBED_SWIFT_STANDARD_LIBRARIES = YES;
				CODE_SIGN_STYLE = Automatic;
				INFOPLIST_FILE = Tests/AssetsPickerTests/Info.plist;
				LD_RUNPATH_SEARCH_PATHS = (
					"$(inherited)",
					"@executable_path/Frameworks",
					"@loader_path/Frameworks",
				);
				PRODUCT_BUNDLE_IDENTIFIER = jp.eure.AssetsPickerTests;
				PRODUCT_NAME = "$(TARGET_NAME)";
				SWIFT_VERSION = 4.2;
				TARGETED_DEVICE_FAMILY = "1,2";
			};
			name = Debug;
		};
		4BCA98802171E9E80048826A /* Release */ = {
			isa = XCBuildConfiguration;
			buildSettings = {
				ALWAYS_EMBED_SWIFT_STANDARD_LIBRARIES = YES;
				CODE_SIGN_STYLE = Automatic;
				INFOPLIST_FILE = Tests/AssetsPickerTests/Info.plist;
				LD_RUNPATH_SEARCH_PATHS = (
					"$(inherited)",
					"@executable_path/Frameworks",
					"@loader_path/Frameworks",
				);
				PRODUCT_BUNDLE_IDENTIFIER = jp.eure.AssetsPickerTests;
				PRODUCT_NAME = "$(TARGET_NAME)";
				SWIFT_VERSION = 4.2;
				TARGETED_DEVICE_FAMILY = "1,2";
			};
			name = Release;
		};
		4BCA98952171EA400048826A /* Debug */ = {
			isa = XCBuildConfiguration;
			buildSettings = {
				ALWAYS_EMBED_SWIFT_STANDARD_LIBRARIES = YES;
				ASSETCATALOG_COMPILER_APPICON_NAME = AppIcon;
				CODE_SIGN_STYLE = Automatic;
				DEVELOPMENT_TEAM = JX92XL88RZ;
				INFOPLIST_FILE = "$(SRCROOT)/Sources/Demo/Info.plist";
				IPHONEOS_DEPLOYMENT_TARGET = 12.0;
				LD_RUNPATH_SEARCH_PATHS = (
					"$(inherited)",
					"@executable_path/Frameworks",
				);
				PRODUCT_BUNDLE_IDENTIFIER = jp.eure.Demo;
				PRODUCT_NAME = "$(TARGET_NAME)";
				SWIFT_VERSION = 5.0;
				TARGETED_DEVICE_FAMILY = "1,2";
			};
			name = Debug;
		};
		4BCA98962171EA400048826A /* Release */ = {
			isa = XCBuildConfiguration;
			buildSettings = {
				ALWAYS_EMBED_SWIFT_STANDARD_LIBRARIES = YES;
				ASSETCATALOG_COMPILER_APPICON_NAME = AppIcon;
				CODE_SIGN_STYLE = Automatic;
				DEVELOPMENT_TEAM = JX92XL88RZ;
				INFOPLIST_FILE = "$(SRCROOT)/Sources/Demo/Info.plist";
				IPHONEOS_DEPLOYMENT_TARGET = 12.0;
				LD_RUNPATH_SEARCH_PATHS = (
					"$(inherited)",
					"@executable_path/Frameworks",
				);
				PRODUCT_BUNDLE_IDENTIFIER = jp.eure.Demo;
				PRODUCT_NAME = "$(TARGET_NAME)";
				SWIFT_VERSION = 5.0;
				TARGETED_DEVICE_FAMILY = "1,2";
			};
			name = Release;
		};
/* End XCBuildConfiguration section */

/* Begin XCConfigurationList section */
		4BCA98612171E9E80048826A /* Build configuration list for PBXProject "AssetsPicker" */ = {
			isa = XCConfigurationList;
			buildConfigurations = (
				4BCA98792171E9E80048826A /* Debug */,
				4BCA987A2171E9E80048826A /* Release */,
			);
			defaultConfigurationIsVisible = 0;
			defaultConfigurationName = Release;
		};
		4BCA987B2171E9E80048826A /* Build configuration list for PBXNativeTarget "AssetsPicker" */ = {
			isa = XCConfigurationList;
			buildConfigurations = (
				4BCA987C2171E9E80048826A /* Debug */,
				4BCA987D2171E9E80048826A /* Release */,
			);
			defaultConfigurationIsVisible = 0;
			defaultConfigurationName = Release;
		};
		4BCA987E2171E9E80048826A /* Build configuration list for PBXNativeTarget "AssetsPickerTests" */ = {
			isa = XCConfigurationList;
			buildConfigurations = (
				4BCA987F2171E9E80048826A /* Debug */,
				4BCA98802171E9E80048826A /* Release */,
			);
			defaultConfigurationIsVisible = 0;
			defaultConfigurationName = Release;
		};
		4BCA98942171EA400048826A /* Build configuration list for PBXNativeTarget "Demo" */ = {
			isa = XCConfigurationList;
			buildConfigurations = (
				4BCA98952171EA400048826A /* Debug */,
				4BCA98962171EA400048826A /* Release */,
			);
			defaultConfigurationIsVisible = 0;
			defaultConfigurationName = Release;
		};
/* End XCConfigurationList section */
	};
	rootObject = 4BCA985E2171E9E80048826A /* Project object */;
}
